// !$*UTF8*$!
{
	archiveVersion = 1;
	classes = {
	};
	objectVersion = 55;
	objects = {

/* Begin PBXBuildFile section */
		090B666627F10C720003AE16 /* AppDelegate.swift in Sources */ = {isa = PBXBuildFile; fileRef = 090B666527F10C720003AE16 /* AppDelegate.swift */; };
		090B666A27F10C720003AE16 /* WeatherDetailViewController.swift in Sources */ = {isa = PBXBuildFile; fileRef = 090B666927F10C720003AE16 /* WeatherDetailViewController.swift */; };
		090B666D27F10C720003AE16 /* WeatherDetailViewController.storyboard in Resources */ = {isa = PBXBuildFile; fileRef = 090B666B27F10C720003AE16 /* WeatherDetailViewController.storyboard */; };
		090B666F27F10C730003AE16 /* Assets.xcassets in Resources */ = {isa = PBXBuildFile; fileRef = 090B666E27F10C730003AE16 /* Assets.xcassets */; };
		090B667227F10C730003AE16 /* LaunchScreen.storyboard in Resources */ = {isa = PBXBuildFile; fileRef = 090B667027F10C730003AE16 /* LaunchScreen.storyboard */; };
		09314825281B6673006855DB /* HourlyWeatherCell.swift in Sources */ = {isa = PBXBuildFile; fileRef = 09314823281B6673006855DB /* HourlyWeatherCell.swift */; };
		09314826281B6673006855DB /* HourlyWeatherCell.xib in Resources */ = {isa = PBXBuildFile; fileRef = 09314824281B6673006855DB /* HourlyWeatherCell.xib */; };
		0943DD2F280171A200315E8E /* Weather.swift in Sources */ = {isa = PBXBuildFile; fileRef = 0943DD2E280171A200315E8E /* Weather.swift */; };
		0943DD3728023A7A00315E8E /* LocationManager.swift in Sources */ = {isa = PBXBuildFile; fileRef = 0943DD3628023A7A00315E8E /* LocationManager.swift */; };
		0943DD3A2802C4D700315E8E /* SearchViewController.swift in Sources */ = {isa = PBXBuildFile; fileRef = 0943DD392802C4D700315E8E /* SearchViewController.swift */; };
		0943DD3C2802C50400315E8E /* SearchViewController.storyboard in Resources */ = {isa = PBXBuildFile; fileRef = 0943DD3B2802C50400315E8E /* SearchViewController.storyboard */; };
		0943DD3E2802DD7F00315E8E /* TabBar.storyboard in Resources */ = {isa = PBXBuildFile; fileRef = 0943DD3D2802DD7F00315E8E /* TabBar.storyboard */; };
		09611DA927FB7EBE00B73975 /* weatherTableViewCell.swift in Sources */ = {isa = PBXBuildFile; fileRef = 09611DA827FB7EBE00B73975 /* weatherTableViewCell.swift */; };
		09611DAC27FB851E00B73975 /* ContactTableViewCell.swift in Sources */ = {isa = PBXBuildFile; fileRef = 09611DAA27FB851E00B73975 /* ContactTableViewCell.swift */; };
		09611DAD27FB851E00B73975 /* ContactTableViewCell.xib in Resources */ = {isa = PBXBuildFile; fileRef = 09611DAB27FB851E00B73975 /* ContactTableViewCell.xib */; };
		099EBB2C2812F5BA0021989A /* SearchManager.swift in Sources */ = {isa = PBXBuildFile; fileRef = 099EBB2B2812F5BA0021989A /* SearchManager.swift */; };
		099EBB2F281313A80021989A /* Alamofire in Frameworks */ = {isa = PBXBuildFile; productRef = 099EBB2E281313A80021989A /* Alamofire */; };
		099EBB31281326000021989A /* WeatherResponse.swift in Sources */ = {isa = PBXBuildFile; fileRef = 099EBB30281326000021989A /* WeatherResponse.swift */; };
		099EBB3328132D020021989A /* RequestManager.swift in Sources */ = {isa = PBXBuildFile; fileRef = 099EBB3228132D020021989A /* RequestManager.swift */; };
		099EBB3528134D540021989A /* WeatherRequest.swift in Sources */ = {isa = PBXBuildFile; fileRef = 099EBB3428134D540021989A /* WeatherRequest.swift */; };
		099EBB3828135F220021989A /* Formatter.swift in Sources */ = {isa = PBXBuildFile; fileRef = 099EBB3728135F220021989A /* Formatter.swift */; };
		09A917CC280B6D6700FA8B5F /* MapViewController.storyboard in Resources */ = {isa = PBXBuildFile; fileRef = 09A917CB280B6D6700FA8B5F /* MapViewController.storyboard */; };
		09A917D2280B6EB900FA8B5F /* FavoritesViewController.storyboard in Resources */ = {isa = PBXBuildFile; fileRef = 09A917D1280B6EB900FA8B5F /* FavoritesViewController.storyboard */; };
		09A917D4280B6FBE00FA8B5F /* FavoritesViewController.swift in Sources */ = {isa = PBXBuildFile; fileRef = 09A917D3280B6FBE00FA8B5F /* FavoritesViewController.swift */; };
/* End PBXBuildFile section */

/* Begin PBXContainerItemProxy section */
		090B667927F10C730003AE16 /* PBXContainerItemProxy */ = {
			isa = PBXContainerItemProxy;
			containerPortal = 090B665A27F10C720003AE16 /* Project object */;
			proxyType = 1;
			remoteGlobalIDString = 090B666127F10C720003AE16;
			remoteInfo = Weather;
		};
		090B668327F10C730003AE16 /* PBXContainerItemProxy */ = {
			isa = PBXContainerItemProxy;
			containerPortal = 090B665A27F10C720003AE16 /* Project object */;
			proxyType = 1;
			remoteGlobalIDString = 090B666127F10C720003AE16;
			remoteInfo = Weather;
		};
/* End PBXContainerItemProxy section */

/* Begin PBXFileReference section */
		090B666227F10C720003AE16 /* Weather.app */ = {isa = PBXFileReference; explicitFileType = wrapper.application; includeInIndex = 0; path = Weather.app; sourceTree = BUILT_PRODUCTS_DIR; };
		090B666527F10C720003AE16 /* AppDelegate.swift */ = {isa = PBXFileReference; lastKnownFileType = sourcecode.swift; path = AppDelegate.swift; sourceTree = "<group>"; };
		090B666927F10C720003AE16 /* WeatherDetailViewController.swift */ = {isa = PBXFileReference; lastKnownFileType = sourcecode.swift; path = WeatherDetailViewController.swift; sourceTree = "<group>"; };
		090B666C27F10C720003AE16 /* Base */ = {isa = PBXFileReference; lastKnownFileType = file.storyboard; name = Base; path = Base.lproj/WeatherDetailViewController.storyboard; sourceTree = "<group>"; };
		090B666E27F10C730003AE16 /* Assets.xcassets */ = {isa = PBXFileReference; lastKnownFileType = folder.assetcatalog; path = Assets.xcassets; sourceTree = "<group>"; };
		090B667127F10C730003AE16 /* Base */ = {isa = PBXFileReference; lastKnownFileType = file.storyboard; name = Base; path = Base.lproj/LaunchScreen.storyboard; sourceTree = "<group>"; };
		090B667327F10C730003AE16 /* Info.plist */ = {isa = PBXFileReference; lastKnownFileType = text.plist.xml; path = Info.plist; sourceTree = "<group>"; };
		090B667827F10C730003AE16 /* WeatherTests.xctest */ = {isa = PBXFileReference; explicitFileType = wrapper.cfbundle; includeInIndex = 0; path = WeatherTests.xctest; sourceTree = BUILT_PRODUCTS_DIR; };
		090B668227F10C730003AE16 /* WeatherUITests.xctest */ = {isa = PBXFileReference; explicitFileType = wrapper.cfbundle; includeInIndex = 0; path = WeatherUITests.xctest; sourceTree = BUILT_PRODUCTS_DIR; };
		09314823281B6673006855DB /* HourlyWeatherCell.swift */ = {isa = PBXFileReference; lastKnownFileType = sourcecode.swift; path = HourlyWeatherCell.swift; sourceTree = "<group>"; };
		09314824281B6673006855DB /* HourlyWeatherCell.xib */ = {isa = PBXFileReference; lastKnownFileType = file.xib; path = HourlyWeatherCell.xib; sourceTree = "<group>"; };
		0943DD2E280171A200315E8E /* Weather.swift */ = {isa = PBXFileReference; lastKnownFileType = sourcecode.swift; path = Weather.swift; sourceTree = "<group>"; };
		0943DD34280238C500315E8E /* Setechov.gpx */ = {isa = PBXFileReference; lastKnownFileType = text.xml; name = Setechov.gpx; path = ../../Downloads/Setechov.gpx; sourceTree = "<group>"; };
		0943DD35280238CD00315E8E /* Zilina.gpx */ = {isa = PBXFileReference; lastKnownFileType = text.xml; name = Zilina.gpx; path = ../../Downloads/Zilina.gpx; sourceTree = "<group>"; };
		0943DD3628023A7A00315E8E /* LocationManager.swift */ = {isa = PBXFileReference; lastKnownFileType = sourcecode.swift; path = LocationManager.swift; sourceTree = "<group>"; };
		0943DD392802C4D700315E8E /* SearchViewController.swift */ = {isa = PBXFileReference; lastKnownFileType = sourcecode.swift; path = SearchViewController.swift; sourceTree = "<group>"; };
		0943DD3B2802C50400315E8E /* SearchViewController.storyboard */ = {isa = PBXFileReference; lastKnownFileType = file.storyboard; path = SearchViewController.storyboard; sourceTree = "<group>"; };
		0943DD3D2802DD7F00315E8E /* TabBar.storyboard */ = {isa = PBXFileReference; lastKnownFileType = file.storyboard; path = TabBar.storyboard; sourceTree = "<group>"; };
		09611DA827FB7EBE00B73975 /* weatherTableViewCell.swift */ = {isa = PBXFileReference; lastKnownFileType = sourcecode.swift; path = weatherTableViewCell.swift; sourceTree = "<group>"; };
		09611DAA27FB851E00B73975 /* ContactTableViewCell.swift */ = {isa = PBXFileReference; lastKnownFileType = sourcecode.swift; path = ContactTableViewCell.swift; sourceTree = "<group>"; };
		09611DAB27FB851E00B73975 /* ContactTableViewCell.xib */ = {isa = PBXFileReference; lastKnownFileType = file.xib; path = ContactTableViewCell.xib; sourceTree = "<group>"; };
		099EBB2B2812F5BA0021989A /* SearchManager.swift */ = {isa = PBXFileReference; lastKnownFileType = sourcecode.swift; path = SearchManager.swift; sourceTree = "<group>"; };
		099EBB30281326000021989A /* WeatherResponse.swift */ = {isa = PBXFileReference; lastKnownFileType = sourcecode.swift; path = WeatherResponse.swift; sourceTree = "<group>"; };
		099EBB3228132D020021989A /* RequestManager.swift */ = {isa = PBXFileReference; lastKnownFileType = sourcecode.swift; path = RequestManager.swift; sourceTree = "<group>"; };
		099EBB3428134D540021989A /* WeatherRequest.swift */ = {isa = PBXFileReference; lastKnownFileType = sourcecode.swift; path = WeatherRequest.swift; sourceTree = "<group>"; };
		099EBB3728135F220021989A /* Formatter.swift */ = {isa = PBXFileReference; lastKnownFileType = sourcecode.swift; path = Formatter.swift; sourceTree = "<group>"; };
		09A917CB280B6D6700FA8B5F /* MapViewController.storyboard */ = {isa = PBXFileReference; lastKnownFileType = file.storyboard; path = MapViewController.storyboard; sourceTree = "<group>"; };
		09A917D1280B6EB900FA8B5F /* FavoritesViewController.storyboard */ = {isa = PBXFileReference; lastKnownFileType = file.storyboard; path = FavoritesViewController.storyboard; sourceTree = "<group>"; };
		09A917D3280B6FBE00FA8B5F /* FavoritesViewController.swift */ = {isa = PBXFileReference; lastKnownFileType = sourcecode.swift; path = FavoritesViewController.swift; sourceTree = "<group>"; };
/* End PBXFileReference section */

/* Begin PBXFrameworksBuildPhase section */
		090B665F27F10C720003AE16 /* Frameworks */ = {
			isa = PBXFrameworksBuildPhase;
			buildActionMask = 2147483647;
			files = (
				099EBB2F281313A80021989A /* Alamofire in Frameworks */,
			);
			runOnlyForDeploymentPostprocessing = 0;
		};
		090B667527F10C730003AE16 /* Frameworks */ = {
			isa = PBXFrameworksBuildPhase;
			buildActionMask = 2147483647;
			files = (
			);
			runOnlyForDeploymentPostprocessing = 0;
		};
		090B667F27F10C730003AE16 /* Frameworks */ = {
			isa = PBXFrameworksBuildPhase;
			buildActionMask = 2147483647;
			files = (
			);
			runOnlyForDeploymentPostprocessing = 0;
		};
/* End PBXFrameworksBuildPhase section */

/* Begin PBXGroup section */
		090B665927F10C720003AE16 = {
			isa = PBXGroup;
			children = (
				0943DD35280238CD00315E8E /* Zilina.gpx */,
				0943DD34280238C500315E8E /* Setechov.gpx */,
				090B666427F10C720003AE16 /* Weather */,
				090B666327F10C720003AE16 /* Products */,
			);
			sourceTree = "<group>";
		};
		090B666327F10C720003AE16 /* Products */ = {
			isa = PBXGroup;
			children = (
				090B666227F10C720003AE16 /* Weather.app */,
				090B667827F10C730003AE16 /* WeatherTests.xctest */,
				090B668227F10C730003AE16 /* WeatherUITests.xctest */,
			);
			name = Products;
			sourceTree = "<group>";
		};
		090B666427F10C720003AE16 /* Weather */ = {
			isa = PBXGroup;
			children = (
				09F1EEE3281428680044CA43 /* HourlyForecast */,
				099EBB3628135F110021989A /* Formatter */,
				090B666B27F10C720003AE16 /* WeatherDetailViewController.storyboard */,
				090B666927F10C720003AE16 /* WeatherDetailViewController.swift */,
				09611DAA27FB851E00B73975 /* ContactTableViewCell.swift */,
				09611DAB27FB851E00B73975 /* ContactTableViewCell.xib */,
				0943DD2E280171A200315E8E /* Weather.swift */,
				090B667027F10C730003AE16 /* LaunchScreen.storyboard */,
				090B666527F10C720003AE16 /* AppDelegate.swift */,
				090B667327F10C730003AE16 /* Info.plist */,
				0943DD332801721100315E8E /* Resources */,
				0943DD322801720900315E8E /* Manager */,
				0943DD30280171C500315E8E /* Screens */,
				0943DD2D2801718200315E8E /* Model */,
				0943DD2C2801715800315E8E /* Application */,
				090B666E27F10C730003AE16 /* Assets.xcassets */,
				09611DA827FB7EBE00B73975 /* weatherTableViewCell.swift */,
			);
			path = Weather;
			sourceTree = "<group>";
		};
		0943DD2C2801715800315E8E /* Application */ = {
			isa = PBXGroup;
			children = (
			);
			path = Application;
			sourceTree = "<group>";
		};
		0943DD2D2801718200315E8E /* Model */ = {
			isa = PBXGroup;
			children = (
				099EBB30281326000021989A /* WeatherResponse.swift */,
				099EBB3428134D540021989A /* WeatherRequest.swift */,
			);
			path = Model;
			sourceTree = "<group>";
		};
		0943DD30280171C500315E8E /* Screens */ = {
			isa = PBXGroup;
			children = (
				09A917CA280B6D4300FA8B5F /* Map */,
				09A917C9280B6CE200FA8B5F /* Favorites */,
				09A917C8280B6CC100FA8B5F /* Tabbar */,
				0943DD382802C46B00315E8E /* Search */,
				0943DD31280171D500315E8E /* Cell */,
			);
			path = Screens;
			sourceTree = "<group>";
		};
		0943DD31280171D500315E8E /* Cell */ = {
			isa = PBXGroup;
			children = (
			);
			path = Cell;
			sourceTree = "<group>";
		};
		0943DD322801720900315E8E /* Manager */ = {
			isa = PBXGroup;
			children = (
				0943DD3628023A7A00315E8E /* LocationManager.swift */,
				099EBB2B2812F5BA0021989A /* SearchManager.swift */,
				099EBB3228132D020021989A /* RequestManager.swift */,
			);
			path = Manager;
			sourceTree = "<group>";
		};
		0943DD332801721100315E8E /* Resources */ = {
			isa = PBXGroup;
			children = (
			);
			path = Resources;
			sourceTree = "<group>";
		};
		0943DD382802C46B00315E8E /* Search */ = {
			isa = PBXGroup;
			children = (
				0943DD392802C4D700315E8E /* SearchViewController.swift */,
				0943DD3B2802C50400315E8E /* SearchViewController.storyboard */,
			);
			path = Search;
			sourceTree = "<group>";
		};
		099EBB3628135F110021989A /* Formatter */ = {
			isa = PBXGroup;
			children = (
				099EBB3728135F220021989A /* Formatter.swift */,
			);
			path = Formatter;
			sourceTree = "<group>";
		};
		09A917C8280B6CC100FA8B5F /* Tabbar */ = {
			isa = PBXGroup;
			children = (
				0943DD3D2802DD7F00315E8E /* TabBar.storyboard */,
			);
			path = Tabbar;
			sourceTree = "<group>";
		};
		09A917C9280B6CE200FA8B5F /* Favorites */ = {
			isa = PBXGroup;
			children = (
				09A917D1280B6EB900FA8B5F /* FavoritesViewController.storyboard */,
				09A917D3280B6FBE00FA8B5F /* FavoritesViewController.swift */,
			);
			path = Favorites;
			sourceTree = "<group>";
		};
		09A917CA280B6D4300FA8B5F /* Map */ = {
			isa = PBXGroup;
			children = (
				09A917CB280B6D6700FA8B5F /* MapViewController.storyboard */,
			);
			path = Map;
			sourceTree = "<group>";
		};
		09F1EEE3281428680044CA43 /* HourlyForecast */ = {
			isa = PBXGroup;
			children = (
				09314823281B6673006855DB /* HourlyWeatherCell.swift */,
				09314824281B6673006855DB /* HourlyWeatherCell.xib */,
			);
			path = HourlyForecast;
			sourceTree = "<group>";
		};
/* End PBXGroup section */

/* Begin PBXNativeTarget section */
		090B666127F10C720003AE16 /* Weather */ = {
			isa = PBXNativeTarget;
			buildConfigurationList = 090B668C27F10C730003AE16 /* Build configuration list for PBXNativeTarget "Weather" */;
			buildPhases = (
				090B665E27F10C720003AE16 /* Sources */,
				090B665F27F10C720003AE16 /* Frameworks */,
				090B666027F10C720003AE16 /* Resources */,
			);
			buildRules = (
			);
			dependencies = (
			);
			name = Weather;
			packageProductDependencies = (
				099EBB2E281313A80021989A /* Alamofire */,
			);
			productName = Weather;
			productReference = 090B666227F10C720003AE16 /* Weather.app */;
			productType = "com.apple.product-type.application";
		};
		090B667727F10C730003AE16 /* WeatherTests */ = {
			isa = PBXNativeTarget;
			buildConfigurationList = 090B668F27F10C730003AE16 /* Build configuration list for PBXNativeTarget "WeatherTests" */;
			buildPhases = (
				090B667427F10C730003AE16 /* Sources */,
				090B667527F10C730003AE16 /* Frameworks */,
				090B667627F10C730003AE16 /* Resources */,
			);
			buildRules = (
			);
			dependencies = (
				090B667A27F10C730003AE16 /* PBXTargetDependency */,
			);
			name = WeatherTests;
			productName = WeatherTests;
			productReference = 090B667827F10C730003AE16 /* WeatherTests.xctest */;
			productType = "com.apple.product-type.bundle.unit-test";
		};
		090B668127F10C730003AE16 /* WeatherUITests */ = {
			isa = PBXNativeTarget;
			buildConfigurationList = 090B669227F10C730003AE16 /* Build configuration list for PBXNativeTarget "WeatherUITests" */;
			buildPhases = (
				090B667E27F10C730003AE16 /* Sources */,
				090B667F27F10C730003AE16 /* Frameworks */,
				090B668027F10C730003AE16 /* Resources */,
			);
			buildRules = (
			);
			dependencies = (
				090B668427F10C730003AE16 /* PBXTargetDependency */,
			);
			name = WeatherUITests;
			productName = WeatherUITests;
			productReference = 090B668227F10C730003AE16 /* WeatherUITests.xctest */;
			productType = "com.apple.product-type.bundle.ui-testing";
		};
/* End PBXNativeTarget section */

/* Begin PBXProject section */
		090B665A27F10C720003AE16 /* Project object */ = {
			isa = PBXProject;
			attributes = {
				BuildIndependentTargetsInParallel = 1;
				LastSwiftUpdateCheck = 1330;
				LastUpgradeCheck = 1330;
				TargetAttributes = {
					090B666127F10C720003AE16 = {
						CreatedOnToolsVersion = 13.3;
					};
					090B667727F10C730003AE16 = {
						CreatedOnToolsVersion = 13.3;
						TestTargetID = 090B666127F10C720003AE16;
					};
					090B668127F10C730003AE16 = {
						CreatedOnToolsVersion = 13.3;
						TestTargetID = 090B666127F10C720003AE16;
					};
				};
			};
			buildConfigurationList = 090B665D27F10C720003AE16 /* Build configuration list for PBXProject "Weather" */;
			compatibilityVersion = "Xcode 13.0";
			developmentRegion = en;
			hasScannedForEncodings = 0;
			knownRegions = (
				en,
				Base,
			);
			mainGroup = 090B665927F10C720003AE16;
			packageReferences = (
				099EBB2D281313A80021989A /* XCRemoteSwiftPackageReference "Alamofire" */,
			);
			productRefGroup = 090B666327F10C720003AE16 /* Products */;
			projectDirPath = "";
			projectRoot = "";
			targets = (
				090B666127F10C720003AE16 /* Weather */,
				090B667727F10C730003AE16 /* WeatherTests */,
				090B668127F10C730003AE16 /* WeatherUITests */,
			);
		};
/* End PBXProject section */

/* Begin PBXResourcesBuildPhase section */
		090B666027F10C720003AE16 /* Resources */ = {
			isa = PBXResourcesBuildPhase;
			buildActionMask = 2147483647;
			files = (
				09611DAD27FB851E00B73975 /* ContactTableViewCell.xib in Resources */,
				09314826281B6673006855DB /* HourlyWeatherCell.xib in Resources */,
				090B667227F10C730003AE16 /* LaunchScreen.storyboard in Resources */,
				090B666F27F10C730003AE16 /* Assets.xcassets in Resources */,
				0943DD3C2802C50400315E8E /* SearchViewController.storyboard in Resources */,
				0943DD3E2802DD7F00315E8E /* TabBar.storyboard in Resources */,
				090B666D27F10C720003AE16 /* WeatherDetailViewController.storyboard in Resources */,
				09A917CC280B6D6700FA8B5F /* MapViewController.storyboard in Resources */,
				09A917D2280B6EB900FA8B5F /* FavoritesViewController.storyboard in Resources */,
			);
			runOnlyForDeploymentPostprocessing = 0;
		};
		090B667627F10C730003AE16 /* Resources */ = {
			isa = PBXResourcesBuildPhase;
			buildActionMask = 2147483647;
			files = (
			);
			runOnlyForDeploymentPostprocessing = 0;
		};
		090B668027F10C730003AE16 /* Resources */ = {
			isa = PBXResourcesBuildPhase;
			buildActionMask = 2147483647;
			files = (
			);
			runOnlyForDeploymentPostprocessing = 0;
		};
/* End PBXResourcesBuildPhase section */

/* Begin PBXSourcesBuildPhase section */
		090B665E27F10C720003AE16 /* Sources */ = {
			isa = PBXSourcesBuildPhase;
			buildActionMask = 2147483647;
			files = (
				099EBB3528134D540021989A /* WeatherRequest.swift in Sources */,
				09314825281B6673006855DB /* HourlyWeatherCell.swift in Sources */,
				099EBB3828135F220021989A /* Formatter.swift in Sources */,
				09611DAC27FB851E00B73975 /* ContactTableViewCell.swift in Sources */,
				099EBB31281326000021989A /* WeatherResponse.swift in Sources */,
				0943DD3A2802C4D700315E8E /* SearchViewController.swift in Sources */,
				09A917D4280B6FBE00FA8B5F /* FavoritesViewController.swift in Sources */,
				090B666A27F10C720003AE16 /* WeatherDetailViewController.swift in Sources */,
				0943DD3728023A7A00315E8E /* LocationManager.swift in Sources */,
				090B666627F10C720003AE16 /* AppDelegate.swift in Sources */,
				099EBB3328132D020021989A /* RequestManager.swift in Sources */,
				099EBB2C2812F5BA0021989A /* SearchManager.swift in Sources */,
				09611DA927FB7EBE00B73975 /* weatherTableViewCell.swift in Sources */,
				0943DD2F280171A200315E8E /* Weather.swift in Sources */,
			);
			runOnlyForDeploymentPostprocessing = 0;
		};
		090B667427F10C730003AE16 /* Sources */ = {
			isa = PBXSourcesBuildPhase;
			buildActionMask = 2147483647;
			files = (
			);
			runOnlyForDeploymentPostprocessing = 0;
		};
		090B667E27F10C730003AE16 /* Sources */ = {
			isa = PBXSourcesBuildPhase;
			buildActionMask = 2147483647;
			files = (
			);
			runOnlyForDeploymentPostprocessing = 0;
		};
/* End PBXSourcesBuildPhase section */

/* Begin PBXTargetDependency section */
		090B667A27F10C730003AE16 /* PBXTargetDependency */ = {
			isa = PBXTargetDependency;
			target = 090B666127F10C720003AE16 /* Weather */;
			targetProxy = 090B667927F10C730003AE16 /* PBXContainerItemProxy */;
		};
		090B668427F10C730003AE16 /* PBXTargetDependency */ = {
			isa = PBXTargetDependency;
			target = 090B666127F10C720003AE16 /* Weather */;
			targetProxy = 090B668327F10C730003AE16 /* PBXContainerItemProxy */;
		};
/* End PBXTargetDependency section */

/* Begin PBXVariantGroup section */
		090B666B27F10C720003AE16 /* WeatherDetailViewController.storyboard */ = {
			isa = PBXVariantGroup;
			children = (
				090B666C27F10C720003AE16 /* Base */,
			);
			name = WeatherDetailViewController.storyboard;
			sourceTree = "<group>";
		};
		090B667027F10C730003AE16 /* LaunchScreen.storyboard */ = {
			isa = PBXVariantGroup;
			children = (
				090B667127F10C730003AE16 /* Base */,
			);
			name = LaunchScreen.storyboard;
			sourceTree = "<group>";
		};
/* End PBXVariantGroup section */

/* Begin XCBuildConfiguration section */
		090B668A27F10C730003AE16 /* Debug */ = {
			isa = XCBuildConfiguration;
			buildSettings = {
				ALWAYS_SEARCH_USER_PATHS = NO;
				CLANG_ANALYZER_NONNULL = YES;
				CLANG_ANALYZER_NUMBER_OBJECT_CONVERSION = YES_AGGRESSIVE;
				CLANG_CXX_LANGUAGE_STANDARD = "gnu++17";
				CLANG_ENABLE_MODULES = YES;
				CLANG_ENABLE_OBJC_ARC = YES;
				CLANG_ENABLE_OBJC_WEAK = YES;
				CLANG_WARN_BLOCK_CAPTURE_AUTORELEASING = YES;
				CLANG_WARN_BOOL_CONVERSION = YES;
				CLANG_WARN_COMMA = YES;
				CLANG_WARN_CONSTANT_CONVERSION = YES;
				CLANG_WARN_DEPRECATED_OBJC_IMPLEMENTATIONS = YES;
				CLANG_WARN_DIRECT_OBJC_ISA_USAGE = YES_ERROR;
				CLANG_WARN_DOCUMENTATION_COMMENTS = YES;
				CLANG_WARN_EMPTY_BODY = YES;
				CLANG_WARN_ENUM_CONVERSION = YES;
				CLANG_WARN_INFINITE_RECURSION = YES;
				CLANG_WARN_INT_CONVERSION = YES;
				CLANG_WARN_NON_LITERAL_NULL_CONVERSION = YES;
				CLANG_WARN_OBJC_IMPLICIT_RETAIN_SELF = YES;
				CLANG_WARN_OBJC_LITERAL_CONVERSION = YES;
				CLANG_WARN_OBJC_ROOT_CLASS = YES_ERROR;
				CLANG_WARN_QUOTED_INCLUDE_IN_FRAMEWORK_HEADER = YES;
				CLANG_WARN_RANGE_LOOP_ANALYSIS = YES;
				CLANG_WARN_STRICT_PROTOTYPES = YES;
				CLANG_WARN_SUSPICIOUS_MOVE = YES;
				CLANG_WARN_UNGUARDED_AVAILABILITY = YES_AGGRESSIVE;
				CLANG_WARN_UNREACHABLE_CODE = YES;
				CLANG_WARN__DUPLICATE_METHOD_MATCH = YES;
				COPY_PHASE_STRIP = NO;
				DEBUG_INFORMATION_FORMAT = dwarf;
				ENABLE_STRICT_OBJC_MSGSEND = YES;
				ENABLE_TESTABILITY = YES;
				GCC_C_LANGUAGE_STANDARD = gnu11;
				GCC_DYNAMIC_NO_PIC = NO;
				GCC_NO_COMMON_BLOCKS = YES;
				GCC_OPTIMIZATION_LEVEL = 0;
				GCC_PREPROCESSOR_DEFINITIONS = (
					"DEBUG=1",
					"$(inherited)",
				);
				GCC_WARN_64_TO_32_BIT_CONVERSION = YES;
				GCC_WARN_ABOUT_RETURN_TYPE = YES_ERROR;
				GCC_WARN_UNDECLARED_SELECTOR = YES;
				GCC_WARN_UNINITIALIZED_AUTOS = YES_AGGRESSIVE;
				GCC_WARN_UNUSED_FUNCTION = YES;
				GCC_WARN_UNUSED_VARIABLE = YES;
				IPHONEOS_DEPLOYMENT_TARGET = 15.4;
				MTL_ENABLE_DEBUG_INFO = INCLUDE_SOURCE;
				MTL_FAST_MATH = YES;
				ONLY_ACTIVE_ARCH = YES;
				SDKROOT = iphoneos;
				SWIFT_ACTIVE_COMPILATION_CONDITIONS = DEBUG;
				SWIFT_OPTIMIZATION_LEVEL = "-Onone";
			};
			name = Debug;
		};
		090B668B27F10C730003AE16 /* Release */ = {
			isa = XCBuildConfiguration;
			buildSettings = {
				ALWAYS_SEARCH_USER_PATHS = NO;
				CLANG_ANALYZER_NONNULL = YES;
				CLANG_ANALYZER_NUMBER_OBJECT_CONVERSION = YES_AGGRESSIVE;
				CLANG_CXX_LANGUAGE_STANDARD = "gnu++17";
				CLANG_ENABLE_MODULES = YES;
				CLANG_ENABLE_OBJC_ARC = YES;
				CLANG_ENABLE_OBJC_WEAK = YES;
				CLANG_WARN_BLOCK_CAPTURE_AUTORELEASING = YES;
				CLANG_WARN_BOOL_CONVERSION = YES;
				CLANG_WARN_COMMA = YES;
				CLANG_WARN_CONSTANT_CONVERSION = YES;
				CLANG_WARN_DEPRECATED_OBJC_IMPLEMENTATIONS = YES;
				CLANG_WARN_DIRECT_OBJC_ISA_USAGE = YES_ERROR;
				CLANG_WARN_DOCUMENTATION_COMMENTS = YES;
				CLANG_WARN_EMPTY_BODY = YES;
				CLANG_WARN_ENUM_CONVERSION = YES;
				CLANG_WARN_INFINITE_RECURSION = YES;
				CLANG_WARN_INT_CONVERSION = YES;
				CLANG_WARN_NON_LITERAL_NULL_CONVERSION = YES;
				CLANG_WARN_OBJC_IMPLICIT_RETAIN_SELF = YES;
				CLANG_WARN_OBJC_LITERAL_CONVERSION = YES;
				CLANG_WARN_OBJC_ROOT_CLASS = YES_ERROR;
				CLANG_WARN_QUOTED_INCLUDE_IN_FRAMEWORK_HEADER = YES;
				CLANG_WARN_RANGE_LOOP_ANALYSIS = YES;
				CLANG_WARN_STRICT_PROTOTYPES = YES;
				CLANG_WARN_SUSPICIOUS_MOVE = YES;
				CLANG_WARN_UNGUARDED_AVAILABILITY = YES_AGGRESSIVE;
				CLANG_WARN_UNREACHABLE_CODE = YES;
				CLANG_WARN__DUPLICATE_METHOD_MATCH = YES;
				COPY_PHASE_STRIP = NO;
				DEBUG_INFORMATION_FORMAT = "dwarf-with-dsym";
				ENABLE_NS_ASSERTIONS = NO;
				ENABLE_STRICT_OBJC_MSGSEND = YES;
				GCC_C_LANGUAGE_STANDARD = gnu11;
				GCC_NO_COMMON_BLOCKS = YES;
				GCC_WARN_64_TO_32_BIT_CONVERSION = YES;
				GCC_WARN_ABOUT_RETURN_TYPE = YES_ERROR;
				GCC_WARN_UNDECLARED_SELECTOR = YES;
				GCC_WARN_UNINITIALIZED_AUTOS = YES_AGGRESSIVE;
				GCC_WARN_UNUSED_FUNCTION = YES;
				GCC_WARN_UNUSED_VARIABLE = YES;
				IPHONEOS_DEPLOYMENT_TARGET = 15.4;
				MTL_ENABLE_DEBUG_INFO = NO;
				MTL_FAST_MATH = YES;
				SDKROOT = iphoneos;
				SWIFT_COMPILATION_MODE = wholemodule;
				SWIFT_OPTIMIZATION_LEVEL = "-O";
				VALIDATE_PRODUCT = YES;
			};
			name = Release;
		};
		090B668D27F10C730003AE16 /* Debug */ = {
			isa = XCBuildConfiguration;
			buildSettings = {
				ASSETCATALOG_COMPILER_APPICON_NAME = AppIcon;
				ASSETCATALOG_COMPILER_GLOBAL_ACCENT_COLOR_NAME = AccentColor;
				CODE_SIGN_STYLE = Automatic;
				CURRENT_PROJECT_VERSION = 1;
				GENERATE_INFOPLIST_FILE = YES;
				INFOPLIST_FILE = Weather/Info.plist;
				INFOPLIST_KEY_NSLocationAlwaysAndWhenInUseUsageDescription = "We need it";
				INFOPLIST_KEY_NSLocationWhenInUseUsageDescription = "We need it";
				INFOPLIST_KEY_UIApplicationSupportsIndirectInputEvents = YES;
				INFOPLIST_KEY_UILaunchStoryboardName = LaunchScreen;
				INFOPLIST_KEY_UIMainStoryboardFile = TabBar;
				INFOPLIST_KEY_UISupportedInterfaceOrientations = "UIInterfaceOrientationPortrait UIInterfaceOrientationLandscapeLeft UIInterfaceOrientationLandscapeRight";
				INFOPLIST_KEY_UISupportedInterfaceOrientations_iPad = "UIInterfaceOrientationPortrait UIInterfaceOrientationPortraitUpsideDown UIInterfaceOrientationLandscapeLeft UIInterfaceOrientationLandscapeRight";
				INFOPLIST_KEY_UISupportedInterfaceOrientations_iPhone = "UIInterfaceOrientationPortrait UIInterfaceOrientationLandscapeLeft UIInterfaceOrientationLandscapeRight";
				IPHONEOS_DEPLOYMENT_TARGET = 14.0;
				LD_RUNPATH_SEARCH_PATHS = (
					"$(inherited)",
					"@executable_path/Frameworks",
				);
				MARKETING_VERSION = 1.0;
				PRODUCT_BUNDLE_IDENTIFIER = orgIdentifier.Weather;
				PRODUCT_NAME = "$(TARGET_NAME)";
				SWIFT_EMIT_LOC_STRINGS = YES;
				SWIFT_VERSION = 5.0;
				TARGETED_DEVICE_FAMILY = "1,2";
			};
			name = Debug;
		};
		090B668E27F10C730003AE16 /* Release */ = {
			isa = XCBuildConfiguration;
			buildSettings = {
				ASSETCATALOG_COMPILER_APPICON_NAME = AppIcon;
				ASSETCATALOG_COMPILER_GLOBAL_ACCENT_COLOR_NAME = AccentColor;
				CODE_SIGN_STYLE = Automatic;
				CURRENT_PROJECT_VERSION = 1;
				GENERATE_INFOPLIST_FILE = YES;
				INFOPLIST_FILE = Weather/Info.plist;
				INFOPLIST_KEY_NSLocationAlwaysAndWhenInUseUsageDescription = "We need it";
				INFOPLIST_KEY_NSLocationWhenInUseUsageDescription = "We need it";
				INFOPLIST_KEY_UIApplicationSupportsIndirectInputEvents = YES;
				INFOPLIST_KEY_UILaunchStoryboardName = LaunchScreen;
				INFOPLIST_KEY_UIMainStoryboardFile = TabBar;
				INFOPLIST_KEY_UISupportedInterfaceOrientations = "UIInterfaceOrientationPortrait UIInterfaceOrientationLandscapeLeft UIInterfaceOrientationLandscapeRight";
				INFOPLIST_KEY_UISupportedInterfaceOrientations_iPad = "UIInterfaceOrientationPortrait UIInterfaceOrientationPortraitUpsideDown UIInterfaceOrientationLandscapeLeft UIInterfaceOrientationLandscapeRight";
				INFOPLIST_KEY_UISupportedInterfaceOrientations_iPhone = "UIInterfaceOrientationPortrait UIInterfaceOrientationLandscapeLeft UIInterfaceOrientationLandscapeRight";
				IPHONEOS_DEPLOYMENT_TARGET = 14.0;
				LD_RUNPATH_SEARCH_PATHS = (
					"$(inherited)",
					"@executable_path/Frameworks",
				);
				MARKETING_VERSION = 1.0;
				PRODUCT_BUNDLE_IDENTIFIER = orgIdentifier.Weather;
				PRODUCT_NAME = "$(TARGET_NAME)";
				SWIFT_EMIT_LOC_STRINGS = YES;
				SWIFT_VERSION = 5.0;
				TARGETED_DEVICE_FAMILY = "1,2";
			};
			name = Release;
		};
		090B669027F10C730003AE16 /* Debug */ = {
			isa = XCBuildConfiguration;
			buildSettings = {
				ALWAYS_EMBED_SWIFT_STANDARD_LIBRARIES = YES;
				BUNDLE_LOADER = "$(TEST_HOST)";
				CODE_SIGN_STYLE = Automatic;
				CURRENT_PROJECT_VERSION = 1;
				GENERATE_INFOPLIST_FILE = YES;
				IPHONEOS_DEPLOYMENT_TARGET = 15.4;
				MARKETING_VERSION = 1.0;
				PRODUCT_BUNDLE_IDENTIFIER = orgIdentifier.WeatherTests;
				PRODUCT_NAME = "$(TARGET_NAME)";
				SWIFT_EMIT_LOC_STRINGS = NO;
				SWIFT_VERSION = 5.0;
				TARGETED_DEVICE_FAMILY = "1,2";
				TEST_HOST = "$(BUILT_PRODUCTS_DIR)/Weather.app/Weather";
			};
			name = Debug;
		};
		090B669127F10C730003AE16 /* Release */ = {
			isa = XCBuildConfiguration;
			buildSettings = {
				ALWAYS_EMBED_SWIFT_STANDARD_LIBRARIES = YES;
				BUNDLE_LOADER = "$(TEST_HOST)";
				CODE_SIGN_STYLE = Automatic;
				CURRENT_PROJECT_VERSION = 1;
				GENERATE_INFOPLIST_FILE = YES;
				IPHONEOS_DEPLOYMENT_TARGET = 15.4;
				MARKETING_VERSION = 1.0;
				PRODUCT_BUNDLE_IDENTIFIER = orgIdentifier.WeatherTests;
				PRODUCT_NAME = "$(TARGET_NAME)";
				SWIFT_EMIT_LOC_STRINGS = NO;
				SWIFT_VERSION = 5.0;
				TARGETED_DEVICE_FAMILY = "1,2";
				TEST_HOST = "$(BUILT_PRODUCTS_DIR)/Weather.app/Weather";
			};
			name = Release;
		};
		090B669327F10C730003AE16 /* Debug */ = {
			isa = XCBuildConfiguration;
			buildSettings = {
				ALWAYS_EMBED_SWIFT_STANDARD_LIBRARIES = YES;
				CODE_SIGN_STYLE = Automatic;
				CURRENT_PROJECT_VERSION = 1;
				GENERATE_INFOPLIST_FILE = YES;
				MARKETING_VERSION = 1.0;
				PRODUCT_BUNDLE_IDENTIFIER = orgIdentifier.WeatherUITests;
				PRODUCT_NAME = "$(TARGET_NAME)";
				SWIFT_EMIT_LOC_STRINGS = NO;
				SWIFT_VERSION = 5.0;
				TARGETED_DEVICE_FAMILY = "1,2";
				TEST_TARGET_NAME = Weather;
			};
			name = Debug;
		};
		090B669427F10C730003AE16 /* Release */ = {
			isa = XCBuildConfiguration;
			buildSettings = {
				ALWAYS_EMBED_SWIFT_STANDARD_LIBRARIES = YES;
				CODE_SIGN_STYLE = Automatic;
				CURRENT_PROJECT_VERSION = 1;
				GENERATE_INFOPLIST_FILE = YES;
				MARKETING_VERSION = 1.0;
				PRODUCT_BUNDLE_IDENTIFIER = orgIdentifier.WeatherUITests;
				PRODUCT_NAME = "$(TARGET_NAME)";
				SWIFT_EMIT_LOC_STRINGS = NO;
				SWIFT_VERSION = 5.0;
				TARGETED_DEVICE_FAMILY = "1,2";
				TEST_TARGET_NAME = Weather;
			};
			name = Release;
		};
/* End XCBuildConfiguration section */

/* Begin XCConfigurationList section */
		090B665D27F10C720003AE16 /* Build configuration list for PBXProject "Weather" */ = {
			isa = XCConfigurationList;
			buildConfigurations = (
				090B668A27F10C730003AE16 /* Debug */,
				090B668B27F10C730003AE16 /* Release */,
			);
			defaultConfigurationIsVisible = 0;
			defaultConfigurationName = Release;
		};
		090B668C27F10C730003AE16 /* Build configuration list for PBXNativeTarget "Weather" */ = {
			isa = XCConfigurationList;
			buildConfigurations = (
				090B668D27F10C730003AE16 /* Debug */,
				090B668E27F10C730003AE16 /* Release */,
			);
			defaultConfigurationIsVisible = 0;
			defaultConfigurationName = Release;
		};
		090B668F27F10C730003AE16 /* Build configuration list for PBXNativeTarget "WeatherTests" */ = {
			isa = XCConfigurationList;
			buildConfigurations = (
				090B669027F10C730003AE16 /* Debug */,
				090B669127F10C730003AE16 /* Release */,
			);
			defaultConfigurationIsVisible = 0;
			defaultConfigurationName = Release;
		};
		090B669227F10C730003AE16 /* Build configuration list for PBXNativeTarget "WeatherUITests" */ = {
			isa = XCConfigurationList;
			buildConfigurations = (
				090B669327F10C730003AE16 /* Debug */,
				090B669427F10C730003AE16 /* Release */,
			);
			defaultConfigurationIsVisible = 0;
			defaultConfigurationName = Release;
		};
/* End XCConfigurationList section */

/* Begin XCRemoteSwiftPackageReference section */
		099EBB2D281313A80021989A /* XCRemoteSwiftPackageReference "Alamofire" */ = {
			isa = XCRemoteSwiftPackageReference;
			repositoryURL = "https://github.com/Alamofire/Alamofire.git";
			requirement = {
				kind = upToNextMajorVersion;
				minimumVersion = 5.0.0;
			};
		};
/* End XCRemoteSwiftPackageReference section */

/* Begin XCSwiftPackageProductDependency section */
		099EBB2E281313A80021989A /* Alamofire */ = {
			isa = XCSwiftPackageProductDependency;
			package = 099EBB2D281313A80021989A /* XCRemoteSwiftPackageReference "Alamofire" */;
			productName = Alamofire;
		};
/* End XCSwiftPackageProductDependency section */
	};
	rootObject = 090B665A27F10C720003AE16 /* Project object */;
}
